{
  "name": "astro-heroicons",
  "version": "0.2.0",
  "lockfileVersion": 2,
  "requires": true,
  "packages": {
    "": {
      "name": "astro-heroicons",
      "version": "0.2.0",
      "license": "ISC",
      "devDependencies": {
        "heroicons": "^2.0.13",
        "pascalcase": "^2.0.0"
      }
    },
    "node_modules/camelcase": {
      "version": "6.3.0",
      "resolved": "https://registry.npmjs.org/camelcase/-/camelcase-6.3.0.tgz",
      "integrity": "sha512-Gmy6FhYlCY7uOElZUSbxo2UCDH8owEk996gkbrpsgGtrJLM3J7jGxl9Ic7Qwwj4ivOE5AWZWRMecDdF7hqGjFA==",
      "dev": true,
      "engines": {
        "node": ">=10"
      },
      "funding": {
        "url": "https://github.com/sponsors/sindresorhus"
      }
    },
    "node_modules/heroicons": {
      "version": "2.0.13",
      "resolved": "https://registry.npmjs.org/heroicons/-/heroicons-2.0.13.tgz",
      "integrity": "sha512-INL+CaS5eJ8+kkXc6kz+i/4m6AWYESGpyorDIZDPH281vZWjV/W6coGmXVZdvyYVLIbPx0id4fPbWvCj//MW5A==",
      "dev": true
    },
    "node_modules/pascalcase": {
      "version": "2.0.0",
      "resolved": "https://registry.npmjs.org/pascalcase/-/pascalcase-2.0.0.tgz",
      "integrity": "sha512-DHpENy5Qm/FaX+x3iBLoMLG/XHNCTgL+yErm1TwuVaj6u4fiOSkYkf60vGtITk7hrKHOO4uCl9vRrD4hqjNKjg==",
      "dev": true,
      "dependencies": {
        "camelcase": "^6.2.1"
      },
      "engines": {
        "node": ">=14"
      }
    }
  },
  "dependencies": {
    "camelcase": {
      "version": "6.3.0",
      "resolved": "https://registry.npmjs.org/camelcase/-/camelcase-6.3.0.tgz",
      "integrity": "sha512-Gmy6FhYlCY7uOElZUSbxo2UCDH8owEk996gkbrpsgGtrJLM3J7jGxl9Ic7Qwwj4ivOE5AWZWRMecDdF7hqGjFA==",
      "dev": true
    },
    "heroicons": {
      "version": "2.0.13",
      "resolved": "https://registry.npmjs.org/heroicons/-/heroicons-2.0.13.tgz",
      "integrity": "sha512-INL+CaS5eJ8+kkXc6kz+i/4m6AWYESGpyorDIZDPH281vZWjV/W6coGmXVZdvyYVLIbPx0id4fPbWvCj//MW5A==",
      "dev": true
    },
    "pascalcase": {
      "version": "2.0.0",
      "resolved": "https://registry.npmjs.org/pascalcase/-/pascalcase-2.0.0.tgz",
      "integrity": "sha512-DHpENy5Qm/FaX+x3iBLoMLG/XHNCTgL+yErm1TwuVaj6u4fiOSkYkf60vGtITk7hrKHOO4uCl9vRrD4hqjNKjg==",
      "dev": true,
      "requires": {
        "camelcase": "^6.2.1"
      }
    }
  }
}
