{
  "name": "astro-heroicons",
  "version": "1.0.0",
  "lockfileVersion": 2,
  "requires": true,
  "packages": {
    "": {
      "name": "astro-heroicons",
      "version": "1.0.0",
      "license": "ISC",
      "devDependencies": {
        "heroicons": "^2.0.13"
      }
    },
    "node_modules/heroicons": {
      "version": "2.0.13",
      "resolved": "https://registry.npmjs.org/heroicons/-/heroicons-2.0.13.tgz",
      "integrity": "sha512-INL+CaS5eJ8+kkXc6kz+i/4m6AWYESGpyorDIZDPH281vZWjV/W6coGmXVZdvyYVLIbPx0id4fPbWvCj//MW5A==",
      "dev": true
    }
  },
  "dependencies": {
    "heroicons": {
      "version": "2.0.13",
      "resolved": "https://registry.npmjs.org/heroicons/-/heroicons-2.0.13.tgz",
      "integrity": "sha512-INL+CaS5eJ8+kkXc6kz+i/4m6AWYESGpyorDIZDPH281vZWjV/W6coGmXVZdvyYVLIbPx0id4fPbWvCj//MW5A==",
      "dev": true
    }
  }
}
